
Microsoft Visual Studio Solution File, Format Version 12.00
# Visual Studio Version 16
VisualStudioVersion = 16.0.31129.286
MinimumVisualStudioVersion = 10.0.40219.1
Project("{FAE04EC0-301F-11D3-BF4B-00C04F79EFBC}") = "BlazorUI", "BlazorUI\BlazorUI.csproj", "{E3937B9D-F7B9-4039-A9F4-A1FE870B746F}"
EndProject
Project("{FAE04EC0-301F-11D3-BF4B-00C04F79EFBC}") = "DemoLibrary", "DemoLibrary\DemoLibrary.csproj", "{6BA52FB8-812B-4371-A4D8-C640DFB3AA87}"
EndProject
Global
	GlobalSection(SolutionConfigurationPlatforms) = preSolution
		Debug|Any CPU = Debug|Any CPU
		Release|Any CPU = Release|Any CPU
	EndGlobalSection
	GlobalSection(ProjectConfigurationPlatforms) = postSolution
		{E3937B9D-F7B9-4039-A9F4-A1FE870B746F}.Debug|Any CPU.ActiveCfg = Debug|Any CPU
		{E3937B9D-F7B9-4039-A9F4-A1FE870B746F}.Debug|Any CPU.Build.0 = Debug|Any CPU
		{E3937B9D-F7B9-4039-A9F4-A1FE870B746F}.Release|Any CPU.ActiveCfg = Release|Any CPU
		{E3937B9D-F7B9-4039-A9F4-A1FE870B746F}.Release|Any CPU.Build.0 = Release|Any CPU
		{6BA52FB8-812B-4371-A4D8-C640DFB3AA87}.Debug|Any CPU.ActiveCfg = Debug|Any CPU
		{6BA52FB8-812B-4371-A4D8-C640DFB3AA87}.Debug|Any CPU.Build.0 = Debug|Any CPU
		{6BA52FB8-812B-4371-A4D8-C640DFB3AA87}.Release|Any CPU.ActiveCfg = Release|Any CPU
		{6BA52FB8-812B-4371-A4D8-C640DFB3AA87}.Release|Any CPU.Build.0 = Release|Any CPU
	EndGlobalSection
	GlobalSection(SolutionProperties) = preSolution
		HideSolutionNode = FALSE
	EndGlobalSection
	GlobalSection(ExtensibilityGlobals) = postSolution
		SolutionGuid = {6B8B4683-7F5F-4EBE-AAC1-509D2F5EB65F}
	EndGlobalSection
EndGlobal
